# This file is autogenerated, do not edit; changes may be undone by the next 'dep ensure'.


[[projects]]
  name = "github.com/unidoc/unidoc"
  packages = [
    "common",
    "common/license",
    "pdf/contentstream",
    "pdf/core",
    "pdf/model",
    "pdf/model/fonts",
    "pdf/model/sampling",
    "pdf/model/textencoding",
    "pdf/ps"
  ]
  revision = "144fa3f75be7cab29ecd8d3bfb9673fcc649f372"
  version = "v2.0.1"

[[projects]]
  branch = "master"
  name = "golang.org/x/image"
  packages = ["tiff/lzw"]
  revision = "12117c17ca67ffa1ce22e9409f3b0b0a93ac08c7"

[solve-meta]
  analyzer-name = "dep"
  analyzer-version = 1
  inputs-digest = "635a97e2ed1f6555035398f3ef470c9a2694eea287f97e01406ba42b28ebc10e"
  solver-name = "gps-cdcl"
  solver-version = 1
