# This file is autogenerated, do not edit; changes may be undone by the next 'dep ensure'.


[[projects]]
  branch = "master"
  name = "rsc.io/pdf"
  packages = ["."]
  revision = "afe064005caebc375d40cae64b135c95a10e8220"

[solve-meta]
  analyzer-name = "dep"
  analyzer-version = 1
  inputs-digest = "4ccce6f5a586a2095a6be1b436706776cf4f4a8254a525f6b5185c6902a86510"
  solver-name = "gps-cdcl"
  solver-version = 1
